
Microsoft Visual Studio Solution File, Format Version 12.00
# Visual Studio 2013
VisualStudioVersion = 12.0.21005.1
MinimumVisualStudioVersion = 10.0.40219.1
Project("{FAE04EC0-301F-11D3-BF4B-00C04F79EFBC}") = "FrameworkLibrary", "FrameworkLibrary\FrameworkLibrary.csproj", "{39560237-4769-4BD7-A2D0-0FDC211430F9}"
EndProject
Project("{FAE04EC0-301F-11D3-BF4B-00C04F79EFBC}") = "FDTDdemo", "..\FDTDdemo\FDTDdemo\FDTDdemo.csproj", "{911A0DBC-4F08-4D3D-BA22-EADB702BC8EE}"
EndProject
Project("{2150E333-8FDC-42A3-9474-1A3956D46DE8}") = ".nuget", ".nuget", "{5C9F51F4-4A3A-4DFC-AFAE-C28BAE0B8D7A}"
	ProjectSection(SolutionItems) = preProject
		.nuget\NuGet.Config = .nuget\NuGet.Config
		.nuget\NuGet.exe = .nuget\NuGet.exe
		.nuget\NuGet.targets = .nuget\NuGet.targets
	EndProjectSection
EndProject
Global
	GlobalSection(SolutionConfigurationPlatforms) = preSolution
		Debug|Any CPU = Debug|Any CPU
		Release|Any CPU = Release|Any CPU
	EndGlobalSection
	GlobalSection(ProjectConfigurationPlatforms) = postSolution
		{39560237-4769-4BD7-A2D0-0FDC211430F9}.Debug|Any CPU.ActiveCfg = Debug|Any CPU
		{39560237-4769-4BD7-A2D0-0FDC211430F9}.Debug|Any CPU.Build.0 = Debug|Any CPU
		{39560237-4769-4BD7-A2D0-0FDC211430F9}.Release|Any CPU.ActiveCfg = Release|Any CPU
		{39560237-4769-4BD7-A2D0-0FDC211430F9}.Release|Any CPU.Build.0 = Release|Any CPU
		{911A0DBC-4F08-4D3D-BA22-EADB702BC8EE}.Debug|Any CPU.ActiveCfg = Debug|Any CPU
		{911A0DBC-4F08-4D3D-BA22-EADB702BC8EE}.Debug|Any CPU.Build.0 = Debug|Any CPU
		{911A0DBC-4F08-4D3D-BA22-EADB702BC8EE}.Release|Any CPU.ActiveCfg = Release|Any CPU
		{911A0DBC-4F08-4D3D-BA22-EADB702BC8EE}.Release|Any CPU.Build.0 = Release|Any CPU
	EndGlobalSection
	GlobalSection(SolutionProperties) = preSolution
		HideSolutionNode = FALSE
	EndGlobalSection
EndGlobal
